<?xml version="1.0" encoding="utf-8"?>
<Project ToolsVersion="4.0" xmlns="http://schemas.microsoft.com/developer/msbuild/2003">
  <ItemGroup>
    <Filter Include="Config">
      <UniqueIdentifier>{5B583FAC-47FA-6982-30B5-7DD61CF6F0D2}</UniqueIdentifier>
    </Filter>
    <Filter Include="Config\Linux">
      <UniqueIdentifier>{BA239274-A686-2119-4F0C-5ACF3B4EED9B}</UniqueIdentifier>
    </Filter>
    <Filter Include="Config\LinuxArch">
      <UniqueIdentifier>{780737F4-6400-5646-8D32-3BCB798A3552}</UniqueIdentifier>
    </Filter>
    <Filter Include="Config\Mac">
      <UniqueIdentifier>{1B28B5F2-07E0-F63F-70E7-CF9B5CBE9130}</UniqueIdentifier>
    </Filter>
    <Filter Include="Config\Windows">
      <UniqueIdentifier>{952D6130-81FB-5436-6A8F-C55C56FC309B}</UniqueIdentifier>
    </Filter>
    <Filter Include="Plugins">
      <UniqueIdentifier>{E7385F16-5318-DEB1-5C30-6988C88E4413}</UniqueIdentifier>
    </Filter>
    <Filter Include="Plugins\WeatherSystem">
      <UniqueIdentifier>{2B177B67-9783-3662-6077-CEBFCCA258CA}</UniqueIdentifier>
    </Filter>
    <Filter Include="Storm">
      <UniqueIdentifier>{3A751E0E-A689-46BF-6F0B-EA1EDBDE42F0}</UniqueIdentifier>
    </Filter>
    <Filter Include="Storm\Events">
      <UniqueIdentifier>{DEBB08A9-CA1E-984D-73A4-D0035FE663D0}</UniqueIdentifier>
    </Filter>
    <Filter Include="Storm\Vulkan">
      <UniqueIdentifier>{7A1DA2D0-6680-3175-0F06-6A2BFB47FDF7}</UniqueIdentifier>
    </Filter>
  </ItemGroup>
  <ItemGroup>
    <ClInclude Include="SRC\Storm.h" />
    <ClInclude Include="SRC\Storm\Application.h">
      <Filter>Storm</Filter>
    </ClInclude>
    <ClInclude Include="SRC\Storm\Core.h">
      <Filter>Storm</Filter>
    </ClInclude>
    <ClInclude Include="SRC\Storm\EntryPoint.h">
      <Filter>Storm</Filter>
    </ClInclude>
    <ClInclude Include="SRC\Storm\Events\ApplicationEvent.h">
      <Filter>Storm\Events</Filter>
    </ClInclude>
    <ClInclude Include="SRC\Storm\Events\Event.h">
      <Filter>Storm\Events</Filter>
    </ClInclude>
    <ClInclude Include="SRC\Storm\Events\KeyEvent.h">
      <Filter>Storm\Events</Filter>
    </ClInclude>
    <ClInclude Include="SRC\Storm\Events\MouseEvent.h">
      <Filter>Storm\Events</Filter>
    </ClInclude>
    <ClInclude Include="SRC\Storm\FMath.h">
      <Filter>Storm</Filter>
    </ClInclude>
    <ClInclude Include="SRC\Storm\Log.h">
      <Filter>Storm</Filter>
    </ClInclude>
    <ClInclude Include="Window.h">
      <Filter>Storm</Filter>
    </ClInclude>
  </ItemGroup>
  <ItemGroup>
    <ClCompile Include="SRC\Storm\Application.cpp">
      <Filter>Storm</Filter>
    </ClCompile>
    <ClCompile Include="SRC\Storm\Log.cpp">
      <Filter>Storm</Filter>
    </ClCompile>
  </ItemGroup>
  <ItemGroup>
    <None Include="SRC\Config\BaseCompat.ini">
      <Filter>Config</Filter>
    </None>
    <None Include="SRC\Config\Linux\LinuxEditorSettings.ini">
      <Filter>Config\Linux</Filter>
    </None>
    <None Include="SRC\Config\LinuxArch\LinuxArchEditorSettings.ini">
      <Filter>Config\LinuxArch</Filter>
    </None>
    <None Include="SRC\Config\Mac\MacEditorSettings.ini">
      <Filter>Config\Mac</Filter>
    </None>
    <None Include="SRC\Config\Windows\WindowsEditorSettings.ini">
      <Filter>Config\Windows</Filter>
    </None>
    <None Include="SRC\Plugins\WeatherSystem\WeatherSettingsEditor.ini">
      <Filter>Plugins\WeatherSystem</Filter>
    </None>
    <None Include="SRC\Storm\Vulkan\VulkanSettings.ini">
      <Filter>Storm\Vulkan</Filter>
    </None>
  </ItemGroup>
</Project>