<?xml version="1.0" encoding="utf-8"?>
<Project ToolsVersion="4.0" xmlns="http://schemas.microsoft.com/developer/msbuild/2003">
  <ItemGroup>
    <Filter Include="Storm">
      <UniqueIdentifier>{3A751E0E-A689-46BF-6F0B-EA1EDBDE42F0}</UniqueIdentifier>
    </Filter>
    <Filter Include="Storm\Events">
      <UniqueIdentifier>{DEBB08A9-CA1E-984D-73A4-D0035FE663D0}</UniqueIdentifier>
    </Filter>
  </ItemGroup>
  <ItemGroup>
    <ClInclude Include="SRC\Storm.h" />
    <ClInclude Include="SRC\Storm\Application.h">
      <Filter>Storm</Filter>
    </ClInclude>
    <ClInclude Include="SRC\Storm\Core.h">
      <Filter>Storm</Filter>
    </ClInclude>
    <ClInclude Include="SRC\Storm\EntryPoint.h">
      <Filter>Storm</Filter>
    </ClInclude>
    <ClInclude Include="SRC\Storm\Events\ApplicationEvent.h">
      <Filter>Storm\Events</Filter>
    </ClInclude>
    <ClInclude Include="SRC\Storm\Events\Event.h">
      <Filter>Storm\Events</Filter>
    </ClInclude>
    <ClInclude Include="SRC\Storm\Events\KeyEvent.h">
      <Filter>Storm\Events</Filter>
    </ClInclude>
    <ClInclude Include="SRC\Storm\Events\MouseEvent.h">
      <Filter>Storm\Events</Filter>
    </ClInclude>
    <ClInclude Include="SRC\Storm\FMath.h">
      <Filter>Storm</Filter>
    </ClInclude>
    <ClInclude Include="SRC\Storm\Log.h">
      <Filter>Storm</Filter>
    </ClInclude>
  </ItemGroup>
  <ItemGroup>
    <ClCompile Include="SRC\Storm\Application.cpp">
      <Filter>Storm</Filter>
    </ClCompile>
    <ClCompile Include="SRC\Storm\Log.cpp">
      <Filter>Storm</Filter>
    </ClCompile>
  </ItemGroup>
</Project>